
Microsoft Visual Studio Solution File, Format Version 12.00
# Visual Studio 15
Project("{FAE04EC0-301F-11D3-BF4B-00C04F79EFBC}") = "FPS_3D_Projeto", "Assembly-CSharp.csproj", "{8A2414CC-E3B4-192B-8AC7-DFCA3F623FD2}"
EndProject
Project("{FAE04EC0-301F-11D3-BF4B-00C04F79EFBC}") = "FPS_3D_Projeto", "Assembly-CSharp-firstpass.csproj", "{436B029E-3679-86F5-1A56-86E28A56A094}"
EndProject
Project("{FAE04EC0-301F-11D3-BF4B-00C04F79EFBC}") = "FPS_3D_Projeto", "Assembly-CSharp-Editor.csproj", "{3C23E27C-B05C-F06A-3AE9-BA434673B28C}"
EndProject
Project("{FAE04EC0-301F-11D3-BF4B-00C04F79EFBC}") = "FPS_3D_Projeto", "Assembly-CSharp-Editor-firstpass.csproj", "{27233337-EAFE-2CA5-1C52-FF987E0DBEB9}"
EndProject
Global
	GlobalSection(SolutionConfigurationPlatforms) = preSolution
		Debug|Any CPU = Debug|Any CPU
		Release|Any CPU = Release|Any CPU
	EndGlobalSection
	GlobalSection(ProjectConfigurationPlatforms) = postSolution
		{8A2414CC-E3B4-192B-8AC7-DFCA3F623FD2}.Debug|Any CPU.ActiveCfg = Debug|Any CPU
		{8A2414CC-E3B4-192B-8AC7-DFCA3F623FD2}.Debug|Any CPU.Build.0 = Debug|Any CPU
		{8A2414CC-E3B4-192B-8AC7-DFCA3F623FD2}.Release|Any CPU.ActiveCfg = Release|Any CPU
		{8A2414CC-E3B4-192B-8AC7-DFCA3F623FD2}.Release|Any CPU.Build.0 = Release|Any CPU
		{436B029E-3679-86F5-1A56-86E28A56A094}.Debug|Any CPU.ActiveCfg = Debug|Any CPU
		{436B029E-3679-86F5-1A56-86E28A56A094}.Debug|Any CPU.Build.0 = Debug|Any CPU
		{436B029E-3679-86F5-1A56-86E28A56A094}.Release|Any CPU.ActiveCfg = Release|Any CPU
		{436B029E-3679-86F5-1A56-86E28A56A094}.Release|Any CPU.Build.0 = Release|Any CPU
		{3C23E27C-B05C-F06A-3AE9-BA434673B28C}.Debug|Any CPU.ActiveCfg = Debug|Any CPU
		{3C23E27C-B05C-F06A-3AE9-BA434673B28C}.Debug|Any CPU.Build.0 = Debug|Any CPU
		{3C23E27C-B05C-F06A-3AE9-BA434673B28C}.Release|Any CPU.ActiveCfg = Release|Any CPU
		{3C23E27C-B05C-F06A-3AE9-BA434673B28C}.Release|Any CPU.Build.0 = Release|Any CPU
		{27233337-EAFE-2CA5-1C52-FF987E0DBEB9}.Debug|Any CPU.ActiveCfg = Debug|Any CPU
		{27233337-EAFE-2CA5-1C52-FF987E0DBEB9}.Debug|Any CPU.Build.0 = Debug|Any CPU
		{27233337-EAFE-2CA5-1C52-FF987E0DBEB9}.Release|Any CPU.ActiveCfg = Release|Any CPU
		{27233337-EAFE-2CA5-1C52-FF987E0DBEB9}.Release|Any CPU.Build.0 = Release|Any CPU
	EndGlobalSection
	GlobalSection(SolutionProperties) = preSolution
		HideSolutionNode = FALSE
	EndGlobalSection
EndGlobal
